
Microsoft Visual Studio Solution File, Format Version 12.00
# Visual Studio 2013
VisualStudioVersion = 12.0.40629.0
MinimumVisualStudioVersion = 10.0.40219.1
Project("{FAE04EC0-301F-11D3-BF4B-00C04F79EFBC}") = "SudokuSolver", "SudokuSolver\SudokuSolver.csproj", "{03F56020-CA78-4BA4-8D11-A74AC849C66D}"
	ProjectSection(ProjectDependencies) = postProject
		{09E6F594-2B3D-4550-B5AF-06529BEA3B24} = {09E6F594-2B3D-4550-B5AF-06529BEA3B24}
	EndProjectSection
EndProject
Project("{FAE04EC0-301F-11D3-BF4B-00C04F79EFBC}") = "Checker", "SudokuChecker\Checker.csproj", "{09E6F594-2B3D-4550-B5AF-06529BEA3B24}"
EndProject
Project("{FAE04EC0-301F-11D3-BF4B-00C04F79EFBC}") = "Solver", "Solver\Solver.csproj", "{71911F96-302A-4111-8FAE-AD344644C51A}"
EndProject
Global
	GlobalSection(SolutionConfigurationPlatforms) = preSolution
		Debug|Any CPU = Debug|Any CPU
		Release|Any CPU = Release|Any CPU
	EndGlobalSection
	GlobalSection(ProjectConfigurationPlatforms) = postSolution
		{03F56020-CA78-4BA4-8D11-A74AC849C66D}.Debug|Any CPU.ActiveCfg = Debug|Any CPU
		{03F56020-CA78-4BA4-8D11-A74AC849C66D}.Debug|Any CPU.Build.0 = Debug|Any CPU
		{03F56020-CA78-4BA4-8D11-A74AC849C66D}.Release|Any CPU.ActiveCfg = Release|Any CPU
		{03F56020-CA78-4BA4-8D11-A74AC849C66D}.Release|Any CPU.Build.0 = Release|Any CPU
		{09E6F594-2B3D-4550-B5AF-06529BEA3B24}.Debug|Any CPU.ActiveCfg = Debug|Any CPU
		{09E6F594-2B3D-4550-B5AF-06529BEA3B24}.Debug|Any CPU.Build.0 = Debug|Any CPU
		{09E6F594-2B3D-4550-B5AF-06529BEA3B24}.Release|Any CPU.ActiveCfg = Release|Any CPU
		{09E6F594-2B3D-4550-B5AF-06529BEA3B24}.Release|Any CPU.Build.0 = Release|Any CPU
		{71911F96-302A-4111-8FAE-AD344644C51A}.Debug|Any CPU.ActiveCfg = Debug|Any CPU
		{71911F96-302A-4111-8FAE-AD344644C51A}.Debug|Any CPU.Build.0 = Debug|Any CPU
		{71911F96-302A-4111-8FAE-AD344644C51A}.Release|Any CPU.ActiveCfg = Release|Any CPU
		{71911F96-302A-4111-8FAE-AD344644C51A}.Release|Any CPU.Build.0 = Release|Any CPU
	EndGlobalSection
	GlobalSection(SolutionProperties) = preSolution
		HideSolutionNode = FALSE
	EndGlobalSection
EndGlobal
